
Microsoft Visual Studio Solution File, Format Version 12.00
# Visual Studio Version 17
VisualStudioVersion = 17.5.33502.453
MinimumVisualStudioVersion = 10.0.40219.1
Project("{9A19103F-16F7-4668-BE54-9A1E7A4F7556}") = "Pacagroup.Ecommerce.Transversal.Common", "Pacagroup.Ecommerce.Transversal.Common\Pacagroup.Ecommerce.Transversal.Common.csproj", "{DB57002C-3084-4AEA-82FA-0C478D603AC5}"
EndProject
Project("{2150E333-8FDC-42A3-9474-1A3956D46DE8}") = "Dominio", "Dominio", "{99F30B92-B1AD-407C-BC99-DA28E1DC761E}"
EndProject
Project("{2150E333-8FDC-42A3-9474-1A3956D46DE8}") = "Infraestructure", "Infraestructure", "{2216AB34-8C98-44BC-B66D-E7BD79EF2EE4}"
EndProject
Project("{2150E333-8FDC-42A3-9474-1A3956D46DE8}") = "Transversal", "Transversal", "{37ECDAF7-5DBE-4EF1-98F8-5BABC6A432BE}"
EndProject
Project("{2150E333-8FDC-42A3-9474-1A3956D46DE8}") = "Servicio", "Servicio", "{E76FEF52-1171-46B4-9359-1EDD715AF929}"
EndProject
Project("{2150E333-8FDC-42A3-9474-1A3956D46DE8}") = "Aplicacion", "Aplicacion", "{40ABDB65-257A-4C8B-A35C-C72EE64346CA}"
EndProject
Project("{9A19103F-16F7-4668-BE54-9A1E7A4F7556}") = "Pacagroup.Ecommerce.Domain.Entity", "Pacagroup.Ecommerce.Domain.Entity\Pacagroup.Ecommerce.Domain.Entity.csproj", "{58DEAEDD-AE7F-4B66-875B-F88D8BD01C57}"
EndProject
Project("{9A19103F-16F7-4668-BE54-9A1E7A4F7556}") = "Pacagroup.Ecommerce.Application.DTO", "Pacagroup.Ecommerce.Application.DTO\Pacagroup.Ecommerce.Application.DTO.csproj", "{2C10D0C0-5D8C-49D0-9971-E915057CCBB2}"
EndProject
Project("{9A19103F-16F7-4668-BE54-9A1E7A4F7556}") = "Pacagroup.Ecommerce.Transversal.Mapper", "Pacagroup.Ecommerce.Transversal.Mapper\Pacagroup.Ecommerce.Transversal.Mapper.csproj", "{47A40123-0820-4E21-81EB-9AF558C13A25}"
EndProject
Project("{9A19103F-16F7-4668-BE54-9A1E7A4F7556}") = "Pacagroup.Ecommerce.Application.Interface", "Pacagroup.Ecommerce.Application.Interface\Pacagroup.Ecommerce.Application.Interface.csproj", "{44F550DC-0C0E-4E9C-9D37-9423C9846BED}"
EndProject
Project("{9A19103F-16F7-4668-BE54-9A1E7A4F7556}") = "Pacagroup.Ecommerce.Services.WebApi", "Pacagroup.Ecommerce.Services.WebApi\Pacagroup.Ecommerce.Services.WebApi.csproj", "{98C54245-3065-40EF-98C9-1A23B481D2F4}"
EndProject
Project("{9A19103F-16F7-4668-BE54-9A1E7A4F7556}") = "Pacagroup.Ecommerce.Application.UseCase", "Pacagroup.Ecommerce.Application.Main\Pacagroup.Ecommerce.Application.UseCase.csproj", "{19108D26-C2EB-4EAC-89B3-B15C17D2A3B9}"
EndProject
Project("{9A19103F-16F7-4668-BE54-9A1E7A4F7556}") = "Pacagroup.Ecommerce.Application.Validator", "Pacagroup.Ecommerce.Application.Validator\Pacagroup.Ecommerce.Application.Validator.csproj", "{F7EF1B02-5B75-465B-98E0-7988B5D2DB8A}"
EndProject
Project("{9A19103F-16F7-4668-BE54-9A1E7A4F7556}") = "Pacagroup.Ecommerce.Transversal.Logging", "Pacagroup.Ecommerce.Transversal.Logging\Pacagroup.Ecommerce.Transversal.Logging.csproj", "{3B68D33E-94EB-4A65-B8C9-B4665A83B0B0}"
EndProject
Project("{9A19103F-16F7-4668-BE54-9A1E7A4F7556}") = "Pacagroup.Ecommerce.Persistence.Data", "Pacagroup.Ecommerce.Persistence.Data\Pacagroup.Ecommerce.Persistence.Data.csproj", "{A0F72098-7F0F-4231-BD12-63C89BA0485E}"
EndProject
Project("{9A19103F-16F7-4668-BE54-9A1E7A4F7556}") = "Pacagroup.Ecommerce.Persistence.Repository", "Pacagroup.Ecommerce.Persistence.Repository\Pacagroup.Ecommerce.Persistence.Repository.csproj", "{5FAAE733-36A1-4284-9700-512566E75B3B}"
EndProject
Global
	GlobalSection(SolutionConfigurationPlatforms) = preSolution
		Debug|Any CPU = Debug|Any CPU
		Release|Any CPU = Release|Any CPU
	EndGlobalSection
	GlobalSection(ProjectConfigurationPlatforms) = postSolution
		{DB57002C-3084-4AEA-82FA-0C478D603AC5}.Debug|Any CPU.ActiveCfg = Debug|Any CPU
		{DB57002C-3084-4AEA-82FA-0C478D603AC5}.Debug|Any CPU.Build.0 = Debug|Any CPU
		{DB57002C-3084-4AEA-82FA-0C478D603AC5}.Release|Any CPU.ActiveCfg = Release|Any CPU
		{DB57002C-3084-4AEA-82FA-0C478D603AC5}.Release|Any CPU.Build.0 = Release|Any CPU
		{58DEAEDD-AE7F-4B66-875B-F88D8BD01C57}.Debug|Any CPU.ActiveCfg = Debug|Any CPU
		{58DEAEDD-AE7F-4B66-875B-F88D8BD01C57}.Debug|Any CPU.Build.0 = Debug|Any CPU
		{58DEAEDD-AE7F-4B66-875B-F88D8BD01C57}.Release|Any CPU.ActiveCfg = Release|Any CPU
		{58DEAEDD-AE7F-4B66-875B-F88D8BD01C57}.Release|Any CPU.Build.0 = Release|Any CPU
		{2C10D0C0-5D8C-49D0-9971-E915057CCBB2}.Debug|Any CPU.ActiveCfg = Debug|Any CPU
		{2C10D0C0-5D8C-49D0-9971-E915057CCBB2}.Debug|Any CPU.Build.0 = Debug|Any CPU
		{2C10D0C0-5D8C-49D0-9971-E915057CCBB2}.Release|Any CPU.ActiveCfg = Release|Any CPU
		{2C10D0C0-5D8C-49D0-9971-E915057CCBB2}.Release|Any CPU.Build.0 = Release|Any CPU
		{47A40123-0820-4E21-81EB-9AF558C13A25}.Debug|Any CPU.ActiveCfg = Debug|Any CPU
		{47A40123-0820-4E21-81EB-9AF558C13A25}.Debug|Any CPU.Build.0 = Debug|Any CPU
		{47A40123-0820-4E21-81EB-9AF558C13A25}.Release|Any CPU.ActiveCfg = Release|Any CPU
		{47A40123-0820-4E21-81EB-9AF558C13A25}.Release|Any CPU.Build.0 = Release|Any CPU
		{44F550DC-0C0E-4E9C-9D37-9423C9846BED}.Debug|Any CPU.ActiveCfg = Debug|Any CPU
		{44F550DC-0C0E-4E9C-9D37-9423C9846BED}.Debug|Any CPU.Build.0 = Debug|Any CPU
		{44F550DC-0C0E-4E9C-9D37-9423C9846BED}.Release|Any CPU.ActiveCfg = Release|Any CPU
		{44F550DC-0C0E-4E9C-9D37-9423C9846BED}.Release|Any CPU.Build.0 = Release|Any CPU
		{98C54245-3065-40EF-98C9-1A23B481D2F4}.Debug|Any CPU.ActiveCfg = Debug|Any CPU
		{98C54245-3065-40EF-98C9-1A23B481D2F4}.Debug|Any CPU.Build.0 = Debug|Any CPU
		{98C54245-3065-40EF-98C9-1A23B481D2F4}.Release|Any CPU.ActiveCfg = Release|Any CPU
		{98C54245-3065-40EF-98C9-1A23B481D2F4}.Release|Any CPU.Build.0 = Release|Any CPU
		{19108D26-C2EB-4EAC-89B3-B15C17D2A3B9}.Debug|Any CPU.ActiveCfg = Debug|Any CPU
		{19108D26-C2EB-4EAC-89B3-B15C17D2A3B9}.Debug|Any CPU.Build.0 = Debug|Any CPU
		{19108D26-C2EB-4EAC-89B3-B15C17D2A3B9}.Release|Any CPU.ActiveCfg = Release|Any CPU
		{19108D26-C2EB-4EAC-89B3-B15C17D2A3B9}.Release|Any CPU.Build.0 = Release|Any CPU
		{F7EF1B02-5B75-465B-98E0-7988B5D2DB8A}.Debug|Any CPU.ActiveCfg = Debug|Any CPU
		{F7EF1B02-5B75-465B-98E0-7988B5D2DB8A}.Debug|Any CPU.Build.0 = Debug|Any CPU
		{F7EF1B02-5B75-465B-98E0-7988B5D2DB8A}.Release|Any CPU.ActiveCfg = Release|Any CPU
		{F7EF1B02-5B75-465B-98E0-7988B5D2DB8A}.Release|Any CPU.Build.0 = Release|Any CPU
		{3B68D33E-94EB-4A65-B8C9-B4665A83B0B0}.Debug|Any CPU.ActiveCfg = Debug|Any CPU
		{3B68D33E-94EB-4A65-B8C9-B4665A83B0B0}.Debug|Any CPU.Build.0 = Debug|Any CPU
		{3B68D33E-94EB-4A65-B8C9-B4665A83B0B0}.Release|Any CPU.ActiveCfg = Release|Any CPU
		{3B68D33E-94EB-4A65-B8C9-B4665A83B0B0}.Release|Any CPU.Build.0 = Release|Any CPU
		{A0F72098-7F0F-4231-BD12-63C89BA0485E}.Debug|Any CPU.ActiveCfg = Debug|Any CPU
		{A0F72098-7F0F-4231-BD12-63C89BA0485E}.Debug|Any CPU.Build.0 = Debug|Any CPU
		{A0F72098-7F0F-4231-BD12-63C89BA0485E}.Release|Any CPU.ActiveCfg = Release|Any CPU
		{A0F72098-7F0F-4231-BD12-63C89BA0485E}.Release|Any CPU.Build.0 = Release|Any CPU
		{5FAAE733-36A1-4284-9700-512566E75B3B}.Debug|Any CPU.ActiveCfg = Debug|Any CPU
		{5FAAE733-36A1-4284-9700-512566E75B3B}.Debug|Any CPU.Build.0 = Debug|Any CPU
		{5FAAE733-36A1-4284-9700-512566E75B3B}.Release|Any CPU.ActiveCfg = Release|Any CPU
		{5FAAE733-36A1-4284-9700-512566E75B3B}.Release|Any CPU.Build.0 = Release|Any CPU
	EndGlobalSection
	GlobalSection(SolutionProperties) = preSolution
		HideSolutionNode = FALSE
	EndGlobalSection
	GlobalSection(NestedProjects) = preSolution
		{DB57002C-3084-4AEA-82FA-0C478D603AC5} = {37ECDAF7-5DBE-4EF1-98F8-5BABC6A432BE}
		{58DEAEDD-AE7F-4B66-875B-F88D8BD01C57} = {99F30B92-B1AD-407C-BC99-DA28E1DC761E}
		{2C10D0C0-5D8C-49D0-9971-E915057CCBB2} = {40ABDB65-257A-4C8B-A35C-C72EE64346CA}
		{47A40123-0820-4E21-81EB-9AF558C13A25} = {37ECDAF7-5DBE-4EF1-98F8-5BABC6A432BE}
		{44F550DC-0C0E-4E9C-9D37-9423C9846BED} = {40ABDB65-257A-4C8B-A35C-C72EE64346CA}
		{98C54245-3065-40EF-98C9-1A23B481D2F4} = {E76FEF52-1171-46B4-9359-1EDD715AF929}
		{19108D26-C2EB-4EAC-89B3-B15C17D2A3B9} = {40ABDB65-257A-4C8B-A35C-C72EE64346CA}
		{F7EF1B02-5B75-465B-98E0-7988B5D2DB8A} = {40ABDB65-257A-4C8B-A35C-C72EE64346CA}
		{3B68D33E-94EB-4A65-B8C9-B4665A83B0B0} = {37ECDAF7-5DBE-4EF1-98F8-5BABC6A432BE}
		{A0F72098-7F0F-4231-BD12-63C89BA0485E} = {2216AB34-8C98-44BC-B66D-E7BD79EF2EE4}
		{5FAAE733-36A1-4284-9700-512566E75B3B} = {2216AB34-8C98-44BC-B66D-E7BD79EF2EE4}
	EndGlobalSection
	GlobalSection(ExtensibilityGlobals) = postSolution
		SolutionGuid = {B2B21A5F-E7D4-43DD-9CA3-CEA02EF4CDB8}
	EndGlobalSection
EndGlobal
